# This file is automatically @generated by Poetry 1.8.4 and should not be changed by hand.

[[package]]
name = "peewee"
version = "3.17.8"
description = "a little orm"
optional = false
python-versions = "*"
files = [
    {file = "peewee-3.17.8.tar.gz", hash = "sha256:ce1d05db3438830b989a1b9d0d0aa4e7f6134d5f6fd57686eeaa26a3e6485a8c"},
]

[[package]]
name = "termcolor"
version = "2.5.0"
description = "ANSI color formatting for output in terminal"
optional = false
python-versions = ">=3.9"
files = [
    {file = "termcolor-2.5.0-py3-none-any.whl", hash = "sha256:37b17b5fc1e604945c2642c872a3764b5d547a48009871aea3edd3afa180afb8"},
    {file = "termcolor-2.5.0.tar.gz", hash = "sha256:998d8d27da6d48442e8e1f016119076b690d962507531df4890fcd2db2ef8a6f"},
]

[package.extras]
tests = ["pytest", "pytest-cov"]

[metadata]
lock-version = "2.0"
python-versions = "^3.13"
content-hash = "2de17095f66330f627abd0e33b873ac1719f3f7c07063ce50301c25ef3ac704c"
